
Microsoft Visual Studio Solution File, Format Version 12.00
# Visual Studio 15
VisualStudioVersion = 15.0.26124.0
MinimumVisualStudioVersion = 15.0.26124.0
Project("{FAE04EC0-301F-11D3-BF4B-00C04F79EFBC}") = "PlaylistRecommender.Api", "PlaylistRecommender.Api\PlaylistRecommender.Api.csproj", "{424472CD-9693-4740-B8F1-CE83FD7B99DF}"
EndProject
Project("{FAE04EC0-301F-11D3-BF4B-00C04F79EFBC}") = "PlaylistRecommender.Domain", "PlaylistRecommender.Domain\PlaylistRecommender.Domain.csproj", "{AF84E31C-8C82-4137-A08D-7BFE4B118052}"
EndProject
Project("{FAE04EC0-301F-11D3-BF4B-00C04F79EFBC}") = "PlaylistRecommender.Tests", "PlaylistRecommender.Tests\PlaylistRecommender.Tests.csproj", "{42D488EC-C5E4-415E-9649-3A9F6A31F4EE}"
EndProject
Global
	GlobalSection(SolutionConfigurationPlatforms) = preSolution
		Debug|Any CPU = Debug|Any CPU
		Debug|x64 = Debug|x64
		Debug|x86 = Debug|x86
		Release|Any CPU = Release|Any CPU
		Release|x64 = Release|x64
		Release|x86 = Release|x86
	EndGlobalSection
	GlobalSection(SolutionProperties) = preSolution
		HideSolutionNode = FALSE
	EndGlobalSection
	GlobalSection(ProjectConfigurationPlatforms) = postSolution
		{424472CD-9693-4740-B8F1-CE83FD7B99DF}.Debug|Any CPU.ActiveCfg = Debug|Any CPU
		{424472CD-9693-4740-B8F1-CE83FD7B99DF}.Debug|Any CPU.Build.0 = Debug|Any CPU
		{424472CD-9693-4740-B8F1-CE83FD7B99DF}.Debug|x64.ActiveCfg = Debug|Any CPU
		{424472CD-9693-4740-B8F1-CE83FD7B99DF}.Debug|x64.Build.0 = Debug|Any CPU
		{424472CD-9693-4740-B8F1-CE83FD7B99DF}.Debug|x86.ActiveCfg = Debug|Any CPU
		{424472CD-9693-4740-B8F1-CE83FD7B99DF}.Debug|x86.Build.0 = Debug|Any CPU
		{424472CD-9693-4740-B8F1-CE83FD7B99DF}.Release|Any CPU.ActiveCfg = Release|Any CPU
		{424472CD-9693-4740-B8F1-CE83FD7B99DF}.Release|Any CPU.Build.0 = Release|Any CPU
		{424472CD-9693-4740-B8F1-CE83FD7B99DF}.Release|x64.ActiveCfg = Release|Any CPU
		{424472CD-9693-4740-B8F1-CE83FD7B99DF}.Release|x64.Build.0 = Release|Any CPU
		{424472CD-9693-4740-B8F1-CE83FD7B99DF}.Release|x86.ActiveCfg = Release|Any CPU
		{424472CD-9693-4740-B8F1-CE83FD7B99DF}.Release|x86.Build.0 = Release|Any CPU
		{AF84E31C-8C82-4137-A08D-7BFE4B118052}.Debug|Any CPU.ActiveCfg = Debug|Any CPU
		{AF84E31C-8C82-4137-A08D-7BFE4B118052}.Debug|Any CPU.Build.0 = Debug|Any CPU
		{AF84E31C-8C82-4137-A08D-7BFE4B118052}.Debug|x64.ActiveCfg = Debug|Any CPU
		{AF84E31C-8C82-4137-A08D-7BFE4B118052}.Debug|x64.Build.0 = Debug|Any CPU
		{AF84E31C-8C82-4137-A08D-7BFE4B118052}.Debug|x86.ActiveCfg = Debug|Any CPU
		{AF84E31C-8C82-4137-A08D-7BFE4B118052}.Debug|x86.Build.0 = Debug|Any CPU
		{AF84E31C-8C82-4137-A08D-7BFE4B118052}.Release|Any CPU.ActiveCfg = Release|Any CPU
		{AF84E31C-8C82-4137-A08D-7BFE4B118052}.Release|Any CPU.Build.0 = Release|Any CPU
		{AF84E31C-8C82-4137-A08D-7BFE4B118052}.Release|x64.ActiveCfg = Release|Any CPU
		{AF84E31C-8C82-4137-A08D-7BFE4B118052}.Release|x64.Build.0 = Release|Any CPU
		{AF84E31C-8C82-4137-A08D-7BFE4B118052}.Release|x86.ActiveCfg = Release|Any CPU
		{AF84E31C-8C82-4137-A08D-7BFE4B118052}.Release|x86.Build.0 = Release|Any CPU
		{42D488EC-C5E4-415E-9649-3A9F6A31F4EE}.Debug|Any CPU.ActiveCfg = Debug|Any CPU
		{42D488EC-C5E4-415E-9649-3A9F6A31F4EE}.Debug|Any CPU.Build.0 = Debug|Any CPU
		{42D488EC-C5E4-415E-9649-3A9F6A31F4EE}.Debug|x64.ActiveCfg = Debug|Any CPU
		{42D488EC-C5E4-415E-9649-3A9F6A31F4EE}.Debug|x64.Build.0 = Debug|Any CPU
		{42D488EC-C5E4-415E-9649-3A9F6A31F4EE}.Debug|x86.ActiveCfg = Debug|Any CPU
		{42D488EC-C5E4-415E-9649-3A9F6A31F4EE}.Debug|x86.Build.0 = Debug|Any CPU
		{42D488EC-C5E4-415E-9649-3A9F6A31F4EE}.Release|Any CPU.ActiveCfg = Release|Any CPU
		{42D488EC-C5E4-415E-9649-3A9F6A31F4EE}.Release|Any CPU.Build.0 = Release|Any CPU
		{42D488EC-C5E4-415E-9649-3A9F6A31F4EE}.Release|x64.ActiveCfg = Release|Any CPU
		{42D488EC-C5E4-415E-9649-3A9F6A31F4EE}.Release|x64.Build.0 = Release|Any CPU
		{42D488EC-C5E4-415E-9649-3A9F6A31F4EE}.Release|x86.ActiveCfg = Release|Any CPU
		{42D488EC-C5E4-415E-9649-3A9F6A31F4EE}.Release|x86.Build.0 = Release|Any CPU
	EndGlobalSection
EndGlobal
